
Microsoft Visual Studio Solution File, Format Version 12.00
# Visual Studio Version 16
VisualStudioVersion = 16.0.30330.147
MinimumVisualStudioVersion = 10.0.40219.1
Project("{FAE04EC0-301F-11D3-BF4B-00C04F79EFBC}") = "WpfMacht3InLus", "WpfMacht3InLus\WpfMacht3InLus.csproj", "{3C7333E0-C9D0-4E48-B978-FC7B81565262}"
EndProject
Global
	GlobalSection(SolutionConfigurationPlatforms) = preSolution
		Debug|Any CPU = Debug|Any CPU
		Release|Any CPU = Release|Any CPU
	EndGlobalSection
	GlobalSection(ProjectConfigurationPlatforms) = postSolution
		{3C7333E0-C9D0-4E48-B978-FC7B81565262}.Debug|Any CPU.ActiveCfg = Debug|Any CPU
		{3C7333E0-C9D0-4E48-B978-FC7B81565262}.Debug|Any CPU.Build.0 = Debug|Any CPU
		{3C7333E0-C9D0-4E48-B978-FC7B81565262}.Release|Any CPU.ActiveCfg = Release|Any CPU
		{3C7333E0-C9D0-4E48-B978-FC7B81565262}.Release|Any CPU.Build.0 = Release|Any CPU
	EndGlobalSection
	GlobalSection(SolutionProperties) = preSolution
		HideSolutionNode = FALSE
	EndGlobalSection
	GlobalSection(ExtensibilityGlobals) = postSolution
		SolutionGuid = {58DC4F93-4BA3-4E4C-88B0-B0E7E02B0F50}
	EndGlobalSection
EndGlobal
