
Microsoft Visual Studio Solution File, Format Version 12.00
# Visual Studio Version 16
VisualStudioVersion = 16.0.30711.63
MinimumVisualStudioVersion = 10.0.40219.1
Project("{FAE04EC0-301F-11D3-BF4B-00C04F79EFBC}") = "test - timer", "test - timer\test - timer.csproj", "{711F17FE-8FA8-40DF-95F8-7C54A35BC319}"
EndProject
Global
	GlobalSection(SolutionConfigurationPlatforms) = preSolution
		Debug|Any CPU = Debug|Any CPU
		Release|Any CPU = Release|Any CPU
	EndGlobalSection
	GlobalSection(ProjectConfigurationPlatforms) = postSolution
		{711F17FE-8FA8-40DF-95F8-7C54A35BC319}.Debug|Any CPU.ActiveCfg = Debug|Any CPU
		{711F17FE-8FA8-40DF-95F8-7C54A35BC319}.Debug|Any CPU.Build.0 = Debug|Any CPU
		{711F17FE-8FA8-40DF-95F8-7C54A35BC319}.Release|Any CPU.ActiveCfg = Release|Any CPU
		{711F17FE-8FA8-40DF-95F8-7C54A35BC319}.Release|Any CPU.Build.0 = Release|Any CPU
	EndGlobalSection
	GlobalSection(SolutionProperties) = preSolution
		HideSolutionNode = FALSE
	EndGlobalSection
	GlobalSection(ExtensibilityGlobals) = postSolution
		SolutionGuid = {5E96C29A-7F4C-448D-BFB4-944D14341DDA}
	EndGlobalSection
EndGlobal
