
Microsoft Visual Studio Solution File, Format Version 12.00
# Visual Studio Version 16
VisualStudioVersion = 16.0.30330.147
MinimumVisualStudioVersion = 10.0.40219.1
Project("{FAE04EC0-301F-11D3-BF4B-00C04F79EFBC}") = "Vraag 5", "Vraag 5\Vraag 5.csproj", "{84E3F9B4-7A75-4537-B061-DE1D26A68128}"
EndProject
Global
	GlobalSection(SolutionConfigurationPlatforms) = preSolution
		Debug|Any CPU = Debug|Any CPU
		Release|Any CPU = Release|Any CPU
	EndGlobalSection
	GlobalSection(ProjectConfigurationPlatforms) = postSolution
		{84E3F9B4-7A75-4537-B061-DE1D26A68128}.Debug|Any CPU.ActiveCfg = Debug|Any CPU
		{84E3F9B4-7A75-4537-B061-DE1D26A68128}.Debug|Any CPU.Build.0 = Debug|Any CPU
		{84E3F9B4-7A75-4537-B061-DE1D26A68128}.Release|Any CPU.ActiveCfg = Release|Any CPU
		{84E3F9B4-7A75-4537-B061-DE1D26A68128}.Release|Any CPU.Build.0 = Release|Any CPU
	EndGlobalSection
	GlobalSection(SolutionProperties) = preSolution
		HideSolutionNode = FALSE
	EndGlobalSection
	GlobalSection(ExtensibilityGlobals) = postSolution
		SolutionGuid = {3D7DD55C-6941-4ABB-A9D1-ADFF979B1DD2}
	EndGlobalSection
EndGlobal
