
Microsoft Visual Studio Solution File, Format Version 12.00
# Visual Studio Version 16
VisualStudioVersion = 16.0.30330.147
MinimumVisualStudioVersion = 10.0.40219.1
Project("{FAE04EC0-301F-11D3-BF4B-00C04F79EFBC}") = "WpfWeerBeoordeling", "WpfWeerBeoordeling\WpfWeerBeoordeling.csproj", "{5BA551B0-2D41-4C74-B70D-72F7BFE002AB}"
EndProject
Global
	GlobalSection(SolutionConfigurationPlatforms) = preSolution
		Debug|Any CPU = Debug|Any CPU
		Release|Any CPU = Release|Any CPU
	EndGlobalSection
	GlobalSection(ProjectConfigurationPlatforms) = postSolution
		{5BA551B0-2D41-4C74-B70D-72F7BFE002AB}.Debug|Any CPU.ActiveCfg = Debug|Any CPU
		{5BA551B0-2D41-4C74-B70D-72F7BFE002AB}.Debug|Any CPU.Build.0 = Debug|Any CPU
		{5BA551B0-2D41-4C74-B70D-72F7BFE002AB}.Release|Any CPU.ActiveCfg = Release|Any CPU
		{5BA551B0-2D41-4C74-B70D-72F7BFE002AB}.Release|Any CPU.Build.0 = Release|Any CPU
	EndGlobalSection
	GlobalSection(SolutionProperties) = preSolution
		HideSolutionNode = FALSE
	EndGlobalSection
	GlobalSection(ExtensibilityGlobals) = postSolution
		SolutionGuid = {45AE2DDE-6FC7-4803-9486-C4DE57307859}
	EndGlobalSection
EndGlobal
