
Microsoft Visual Studio Solution File, Format Version 12.00
# Visual Studio Version 16
VisualStudioVersion = 16.0.30330.147
MinimumVisualStudioVersion = 10.0.40219.1
Project("{FAE04EC0-301F-11D3-BF4B-00C04F79EFBC}") = "Toepassing 2", "Toepassing 2\Toepassing 2.csproj", "{3397D0A1-6394-4F0A-B0AA-8B08917D89F0}"
EndProject
Global
	GlobalSection(SolutionConfigurationPlatforms) = preSolution
		Debug|Any CPU = Debug|Any CPU
		Release|Any CPU = Release|Any CPU
	EndGlobalSection
	GlobalSection(ProjectConfigurationPlatforms) = postSolution
		{3397D0A1-6394-4F0A-B0AA-8B08917D89F0}.Debug|Any CPU.ActiveCfg = Debug|Any CPU
		{3397D0A1-6394-4F0A-B0AA-8B08917D89F0}.Debug|Any CPU.Build.0 = Debug|Any CPU
		{3397D0A1-6394-4F0A-B0AA-8B08917D89F0}.Release|Any CPU.ActiveCfg = Release|Any CPU
		{3397D0A1-6394-4F0A-B0AA-8B08917D89F0}.Release|Any CPU.Build.0 = Release|Any CPU
	EndGlobalSection
	GlobalSection(SolutionProperties) = preSolution
		HideSolutionNode = FALSE
	EndGlobalSection
	GlobalSection(ExtensibilityGlobals) = postSolution
		SolutionGuid = {1B816398-E48A-48DF-B59D-98CE8A500EDA}
	EndGlobalSection
EndGlobal
