
Microsoft Visual Studio Solution File, Format Version 12.00
# Visual Studio Version 16
VisualStudioVersion = 16.0.30711.63
MinimumVisualStudioVersion = 10.0.40219.1
Project("{FAE04EC0-301F-11D3-BF4B-00C04F79EFBC}") = "WpfPremieBerekeningRamen", "WpfPremieBerekeningRamen\WpfPremieBerekeningRamen.csproj", "{45B002A1-0F39-467E-B4E8-C9661CA212DA}"
EndProject
Global
	GlobalSection(SolutionConfigurationPlatforms) = preSolution
		Debug|Any CPU = Debug|Any CPU
		Release|Any CPU = Release|Any CPU
	EndGlobalSection
	GlobalSection(ProjectConfigurationPlatforms) = postSolution
		{45B002A1-0F39-467E-B4E8-C9661CA212DA}.Debug|Any CPU.ActiveCfg = Debug|Any CPU
		{45B002A1-0F39-467E-B4E8-C9661CA212DA}.Debug|Any CPU.Build.0 = Debug|Any CPU
		{45B002A1-0F39-467E-B4E8-C9661CA212DA}.Release|Any CPU.ActiveCfg = Release|Any CPU
		{45B002A1-0F39-467E-B4E8-C9661CA212DA}.Release|Any CPU.Build.0 = Release|Any CPU
	EndGlobalSection
	GlobalSection(SolutionProperties) = preSolution
		HideSolutionNode = FALSE
	EndGlobalSection
	GlobalSection(ExtensibilityGlobals) = postSolution
		SolutionGuid = {450C2D98-1D44-42B4-BE28-437DE13F7350}
	EndGlobalSection
EndGlobal
