
Microsoft Visual Studio Solution File, Format Version 12.00
# Visual Studio Version 16
VisualStudioVersion = 16.0.30330.147
MinimumVisualStudioVersion = 10.0.40219.1
Project("{FAE04EC0-301F-11D3-BF4B-00C04F79EFBC}") = "Toepassing 17 - Faculteit", "Toepassing 17 - Faculteit\Toepassing 17 - Faculteit.csproj", "{788C727D-CED9-40B2-B211-110520436F80}"
EndProject
Global
	GlobalSection(SolutionConfigurationPlatforms) = preSolution
		Debug|Any CPU = Debug|Any CPU
		Release|Any CPU = Release|Any CPU
	EndGlobalSection
	GlobalSection(ProjectConfigurationPlatforms) = postSolution
		{788C727D-CED9-40B2-B211-110520436F80}.Debug|Any CPU.ActiveCfg = Debug|Any CPU
		{788C727D-CED9-40B2-B211-110520436F80}.Debug|Any CPU.Build.0 = Debug|Any CPU
		{788C727D-CED9-40B2-B211-110520436F80}.Release|Any CPU.ActiveCfg = Release|Any CPU
		{788C727D-CED9-40B2-B211-110520436F80}.Release|Any CPU.Build.0 = Release|Any CPU
	EndGlobalSection
	GlobalSection(SolutionProperties) = preSolution
		HideSolutionNode = FALSE
	EndGlobalSection
	GlobalSection(ExtensibilityGlobals) = postSolution
		SolutionGuid = {B2FF54E3-7B71-4B8E-AF1B-3DAFB218BC8A}
	EndGlobalSection
EndGlobal
