
Microsoft Visual Studio Solution File, Format Version 12.00
# Visual Studio Version 16
VisualStudioVersion = 16.0.30711.63
MinimumVisualStudioVersion = 10.0.40219.1
Project("{FAE04EC0-301F-11D3-BF4B-00C04F79EFBC}") = "Les - Slider image", "Les - Slider image\Les - Slider image.csproj", "{0027A6F3-FBE6-424C-8FF1-9E92D03F7EF0}"
EndProject
Global
	GlobalSection(SolutionConfigurationPlatforms) = preSolution
		Debug|Any CPU = Debug|Any CPU
		Release|Any CPU = Release|Any CPU
	EndGlobalSection
	GlobalSection(ProjectConfigurationPlatforms) = postSolution
		{0027A6F3-FBE6-424C-8FF1-9E92D03F7EF0}.Debug|Any CPU.ActiveCfg = Debug|Any CPU
		{0027A6F3-FBE6-424C-8FF1-9E92D03F7EF0}.Debug|Any CPU.Build.0 = Debug|Any CPU
		{0027A6F3-FBE6-424C-8FF1-9E92D03F7EF0}.Release|Any CPU.ActiveCfg = Release|Any CPU
		{0027A6F3-FBE6-424C-8FF1-9E92D03F7EF0}.Release|Any CPU.Build.0 = Release|Any CPU
	EndGlobalSection
	GlobalSection(SolutionProperties) = preSolution
		HideSolutionNode = FALSE
	EndGlobalSection
	GlobalSection(ExtensibilityGlobals) = postSolution
		SolutionGuid = {7008492B-9CF0-4CE9-BC0A-AE6916007FB4}
	EndGlobalSection
EndGlobal
