
Microsoft Visual Studio Solution File, Format Version 12.00
# Visual Studio Version 16
VisualStudioVersion = 16.0.30330.147
MinimumVisualStudioVersion = 10.0.40219.1
Project("{FAE04EC0-301F-11D3-BF4B-00C04F79EFBC}") = "Toepassing 12 - Verwachte lengte", "Toepassing 12 - Verwachte lengte\Toepassing 12 - Verwachte lengte.csproj", "{9DF8B2A1-0497-455A-ABB7-5DF84D2BEFC2}"
EndProject
Global
	GlobalSection(SolutionConfigurationPlatforms) = preSolution
		Debug|Any CPU = Debug|Any CPU
		Release|Any CPU = Release|Any CPU
	EndGlobalSection
	GlobalSection(ProjectConfigurationPlatforms) = postSolution
		{9DF8B2A1-0497-455A-ABB7-5DF84D2BEFC2}.Debug|Any CPU.ActiveCfg = Debug|Any CPU
		{9DF8B2A1-0497-455A-ABB7-5DF84D2BEFC2}.Debug|Any CPU.Build.0 = Debug|Any CPU
		{9DF8B2A1-0497-455A-ABB7-5DF84D2BEFC2}.Release|Any CPU.ActiveCfg = Release|Any CPU
		{9DF8B2A1-0497-455A-ABB7-5DF84D2BEFC2}.Release|Any CPU.Build.0 = Release|Any CPU
	EndGlobalSection
	GlobalSection(SolutionProperties) = preSolution
		HideSolutionNode = FALSE
	EndGlobalSection
	GlobalSection(ExtensibilityGlobals) = postSolution
		SolutionGuid = {B6ADAF18-7142-4391-BC95-DED0CD178873}
	EndGlobalSection
EndGlobal
