
Microsoft Visual Studio Solution File, Format Version 12.00
# Visual Studio Version 16
VisualStudioVersion = 16.0.30330.147
MinimumVisualStudioVersion = 10.0.40219.1
Project("{FAE04EC0-301F-11D3-BF4B-00C04F79EFBC}") = "ConsoleApp1", "ConsoleApp1\ConsoleApp1.csproj", "{C65A0CA9-F3AA-4B11-906D-050335CED8C7}"
EndProject
Project("{FAE04EC0-301F-11D3-BF4B-00C04F79EFBC}") = "ConsoleTafels", "ConsoleTafels\ConsoleTafels.csproj", "{64F742C5-4195-40DF-A3DE-B6005D16390E}"
EndProject
Project("{FAE04EC0-301F-11D3-BF4B-00C04F79EFBC}") = "SomGeheleGetallen", "SomGeheleGetallen\SomGeheleGetallen.csproj", "{032D428C-10E0-4B8D-B28D-760400BED1DA}"
EndProject
Project("{FAE04EC0-301F-11D3-BF4B-00C04F79EFBC}") = "Fibonaci", "Fibonaci\Fibonaci.csproj", "{37D1C666-C1A0-487D-BFD1-2AF2FE41F616}"
EndProject
Project("{FAE04EC0-301F-11D3-BF4B-00C04F79EFBC}") = "SomTienGetallen", "SomTienGetallen\SomTienGetallen.csproj", "{B04416E7-0465-4628-85EC-1A9024EACC91}"
EndProject
Global
	GlobalSection(SolutionConfigurationPlatforms) = preSolution
		Debug|Any CPU = Debug|Any CPU
		Release|Any CPU = Release|Any CPU
	EndGlobalSection
	GlobalSection(ProjectConfigurationPlatforms) = postSolution
		{C65A0CA9-F3AA-4B11-906D-050335CED8C7}.Debug|Any CPU.ActiveCfg = Debug|Any CPU
		{C65A0CA9-F3AA-4B11-906D-050335CED8C7}.Debug|Any CPU.Build.0 = Debug|Any CPU
		{C65A0CA9-F3AA-4B11-906D-050335CED8C7}.Release|Any CPU.ActiveCfg = Release|Any CPU
		{C65A0CA9-F3AA-4B11-906D-050335CED8C7}.Release|Any CPU.Build.0 = Release|Any CPU
		{64F742C5-4195-40DF-A3DE-B6005D16390E}.Debug|Any CPU.ActiveCfg = Debug|Any CPU
		{64F742C5-4195-40DF-A3DE-B6005D16390E}.Debug|Any CPU.Build.0 = Debug|Any CPU
		{64F742C5-4195-40DF-A3DE-B6005D16390E}.Release|Any CPU.ActiveCfg = Release|Any CPU
		{64F742C5-4195-40DF-A3DE-B6005D16390E}.Release|Any CPU.Build.0 = Release|Any CPU
		{032D428C-10E0-4B8D-B28D-760400BED1DA}.Debug|Any CPU.ActiveCfg = Debug|Any CPU
		{032D428C-10E0-4B8D-B28D-760400BED1DA}.Debug|Any CPU.Build.0 = Debug|Any CPU
		{032D428C-10E0-4B8D-B28D-760400BED1DA}.Release|Any CPU.ActiveCfg = Release|Any CPU
		{032D428C-10E0-4B8D-B28D-760400BED1DA}.Release|Any CPU.Build.0 = Release|Any CPU
		{37D1C666-C1A0-487D-BFD1-2AF2FE41F616}.Debug|Any CPU.ActiveCfg = Debug|Any CPU
		{37D1C666-C1A0-487D-BFD1-2AF2FE41F616}.Debug|Any CPU.Build.0 = Debug|Any CPU
		{37D1C666-C1A0-487D-BFD1-2AF2FE41F616}.Release|Any CPU.ActiveCfg = Release|Any CPU
		{37D1C666-C1A0-487D-BFD1-2AF2FE41F616}.Release|Any CPU.Build.0 = Release|Any CPU
		{B04416E7-0465-4628-85EC-1A9024EACC91}.Debug|Any CPU.ActiveCfg = Debug|Any CPU
		{B04416E7-0465-4628-85EC-1A9024EACC91}.Debug|Any CPU.Build.0 = Debug|Any CPU
		{B04416E7-0465-4628-85EC-1A9024EACC91}.Release|Any CPU.ActiveCfg = Release|Any CPU
		{B04416E7-0465-4628-85EC-1A9024EACC91}.Release|Any CPU.Build.0 = Release|Any CPU
	EndGlobalSection
	GlobalSection(SolutionProperties) = preSolution
		HideSolutionNode = FALSE
	EndGlobalSection
	GlobalSection(ExtensibilityGlobals) = postSolution
		SolutionGuid = {DABAF0EB-6D74-4B70-8F4B-3BFC79CF23D3}
	EndGlobalSection
EndGlobal
