
Microsoft Visual Studio Solution File, Format Version 12.00
# Visual Studio Version 16
VisualStudioVersion = 16.0.30330.147
MinimumVisualStudioVersion = 10.0.40219.1
Project("{FAE04EC0-301F-11D3-BF4B-00C04F79EFBC}") = "Toepassing 11 - Raadspel", "Toepassing 11 - Raadspel\Toepassing 11 - Raadspel.csproj", "{F8877CB6-B21A-4085-A62F-006A8230AC6C}"
EndProject
Global
	GlobalSection(SolutionConfigurationPlatforms) = preSolution
		Debug|Any CPU = Debug|Any CPU
		Release|Any CPU = Release|Any CPU
	EndGlobalSection
	GlobalSection(ProjectConfigurationPlatforms) = postSolution
		{F8877CB6-B21A-4085-A62F-006A8230AC6C}.Debug|Any CPU.ActiveCfg = Debug|Any CPU
		{F8877CB6-B21A-4085-A62F-006A8230AC6C}.Debug|Any CPU.Build.0 = Debug|Any CPU
		{F8877CB6-B21A-4085-A62F-006A8230AC6C}.Release|Any CPU.ActiveCfg = Release|Any CPU
		{F8877CB6-B21A-4085-A62F-006A8230AC6C}.Release|Any CPU.Build.0 = Release|Any CPU
	EndGlobalSection
	GlobalSection(SolutionProperties) = preSolution
		HideSolutionNode = FALSE
	EndGlobalSection
	GlobalSection(ExtensibilityGlobals) = postSolution
		SolutionGuid = {31E0B11A-21F4-4382-B7E8-FC860B7FCB75}
	EndGlobalSection
EndGlobal
