
Microsoft Visual Studio Solution File, Format Version 12.00
# Visual Studio Version 16
VisualStudioVersion = 16.0.30711.63
MinimumVisualStudioVersion = 10.0.40219.1
Project("{FAE04EC0-301F-11D3-BF4B-00C04F79EFBC}") = "Toepassing 23 - Bevolkingsgroei", "Toepassing 23 - Bevolkingsgroei\Toepassing 23 - Bevolkingsgroei.csproj", "{BF8006E4-7DDA-4FED-BBB5-818B4FE287E5}"
EndProject
Global
	GlobalSection(SolutionConfigurationPlatforms) = preSolution
		Debug|Any CPU = Debug|Any CPU
		Release|Any CPU = Release|Any CPU
	EndGlobalSection
	GlobalSection(ProjectConfigurationPlatforms) = postSolution
		{BF8006E4-7DDA-4FED-BBB5-818B4FE287E5}.Debug|Any CPU.ActiveCfg = Debug|Any CPU
		{BF8006E4-7DDA-4FED-BBB5-818B4FE287E5}.Debug|Any CPU.Build.0 = Debug|Any CPU
		{BF8006E4-7DDA-4FED-BBB5-818B4FE287E5}.Release|Any CPU.ActiveCfg = Release|Any CPU
		{BF8006E4-7DDA-4FED-BBB5-818B4FE287E5}.Release|Any CPU.Build.0 = Release|Any CPU
	EndGlobalSection
	GlobalSection(SolutionProperties) = preSolution
		HideSolutionNode = FALSE
	EndGlobalSection
	GlobalSection(ExtensibilityGlobals) = postSolution
		SolutionGuid = {5C5831CA-FE03-4251-953C-92B7403E9751}
	EndGlobalSection
EndGlobal
