
Microsoft Visual Studio Solution File, Format Version 12.00
# Visual Studio Version 16
VisualStudioVersion = 16.0.30711.63
MinimumVisualStudioVersion = 10.0.40219.1
Project("{FAE04EC0-301F-11D3-BF4B-00C04F79EFBC}") = "ListBox - Zoeken", "ListBox - Zoeken\ListBox - Zoeken.csproj", "{DC862428-E11E-4B8E-A674-F25036AFBFD8}"
EndProject
Global
	GlobalSection(SolutionConfigurationPlatforms) = preSolution
		Debug|Any CPU = Debug|Any CPU
		Release|Any CPU = Release|Any CPU
	EndGlobalSection
	GlobalSection(ProjectConfigurationPlatforms) = postSolution
		{DC862428-E11E-4B8E-A674-F25036AFBFD8}.Debug|Any CPU.ActiveCfg = Debug|Any CPU
		{DC862428-E11E-4B8E-A674-F25036AFBFD8}.Debug|Any CPU.Build.0 = Debug|Any CPU
		{DC862428-E11E-4B8E-A674-F25036AFBFD8}.Release|Any CPU.ActiveCfg = Release|Any CPU
		{DC862428-E11E-4B8E-A674-F25036AFBFD8}.Release|Any CPU.Build.0 = Release|Any CPU
	EndGlobalSection
	GlobalSection(SolutionProperties) = preSolution
		HideSolutionNode = FALSE
	EndGlobalSection
	GlobalSection(ExtensibilityGlobals) = postSolution
		SolutionGuid = {05FCF241-C0D7-4152-92F2-81C0161E8008}
	EndGlobalSection
EndGlobal
