
Microsoft Visual Studio Solution File, Format Version 12.00
# Visual Studio Version 16
VisualStudioVersion = 16.0.30330.147
MinimumVisualStudioVersion = 10.0.40219.1
Project("{FAE04EC0-301F-11D3-BF4B-00C04F79EFBC}") = "Vraag 1", "Vraag 1\Vraag 1.csproj", "{F06A9B0B-763B-435F-9921-746D046A3A34}"
EndProject
Global
	GlobalSection(SolutionConfigurationPlatforms) = preSolution
		Debug|Any CPU = Debug|Any CPU
		Release|Any CPU = Release|Any CPU
	EndGlobalSection
	GlobalSection(ProjectConfigurationPlatforms) = postSolution
		{F06A9B0B-763B-435F-9921-746D046A3A34}.Debug|Any CPU.ActiveCfg = Debug|Any CPU
		{F06A9B0B-763B-435F-9921-746D046A3A34}.Debug|Any CPU.Build.0 = Debug|Any CPU
		{F06A9B0B-763B-435F-9921-746D046A3A34}.Release|Any CPU.ActiveCfg = Release|Any CPU
		{F06A9B0B-763B-435F-9921-746D046A3A34}.Release|Any CPU.Build.0 = Release|Any CPU
	EndGlobalSection
	GlobalSection(SolutionProperties) = preSolution
		HideSolutionNode = FALSE
	EndGlobalSection
	GlobalSection(ExtensibilityGlobals) = postSolution
		SolutionGuid = {8B3792D9-09DC-452B-8026-188AEAE11182}
	EndGlobalSection
EndGlobal
