
Microsoft Visual Studio Solution File, Format Version 12.00
# Visual Studio Version 16
VisualStudioVersion = 16.0.30330.147
MinimumVisualStudioVersion = 10.0.40219.1
Project("{FAE04EC0-301F-11D3-BF4B-00C04F79EFBC}") = "Les - Maanden Tonen", "Les - Maanden Tonen\Les - Maanden Tonen.csproj", "{BEEB882D-6E83-4744-B5DE-AA1353FDF4D1}"
EndProject
Global
	GlobalSection(SolutionConfigurationPlatforms) = preSolution
		Debug|Any CPU = Debug|Any CPU
		Release|Any CPU = Release|Any CPU
	EndGlobalSection
	GlobalSection(ProjectConfigurationPlatforms) = postSolution
		{BEEB882D-6E83-4744-B5DE-AA1353FDF4D1}.Debug|Any CPU.ActiveCfg = Debug|Any CPU
		{BEEB882D-6E83-4744-B5DE-AA1353FDF4D1}.Debug|Any CPU.Build.0 = Debug|Any CPU
		{BEEB882D-6E83-4744-B5DE-AA1353FDF4D1}.Release|Any CPU.ActiveCfg = Release|Any CPU
		{BEEB882D-6E83-4744-B5DE-AA1353FDF4D1}.Release|Any CPU.Build.0 = Release|Any CPU
	EndGlobalSection
	GlobalSection(SolutionProperties) = preSolution
		HideSolutionNode = FALSE
	EndGlobalSection
	GlobalSection(ExtensibilityGlobals) = postSolution
		SolutionGuid = {1084416C-748E-4ED8-9C8B-759374DF2F44}
	EndGlobalSection
EndGlobal
