
Microsoft Visual Studio Solution File, Format Version 12.00
# Visual Studio Version 16
VisualStudioVersion = 16.0.30330.147
MinimumVisualStudioVersion = 10.0.40219.1
Project("{FAE04EC0-301F-11D3-BF4B-00C04F79EFBC}") = "Les - Cijfers ingeven", "Les - Cijfers ingeven\Les - Cijfers ingeven.csproj", "{23A0B2B0-AC2F-4091-9D06-F9ACB3E89907}"
EndProject
Global
	GlobalSection(SolutionConfigurationPlatforms) = preSolution
		Debug|Any CPU = Debug|Any CPU
		Release|Any CPU = Release|Any CPU
	EndGlobalSection
	GlobalSection(ProjectConfigurationPlatforms) = postSolution
		{23A0B2B0-AC2F-4091-9D06-F9ACB3E89907}.Debug|Any CPU.ActiveCfg = Debug|Any CPU
		{23A0B2B0-AC2F-4091-9D06-F9ACB3E89907}.Debug|Any CPU.Build.0 = Debug|Any CPU
		{23A0B2B0-AC2F-4091-9D06-F9ACB3E89907}.Release|Any CPU.ActiveCfg = Release|Any CPU
		{23A0B2B0-AC2F-4091-9D06-F9ACB3E89907}.Release|Any CPU.Build.0 = Release|Any CPU
	EndGlobalSection
	GlobalSection(SolutionProperties) = preSolution
		HideSolutionNode = FALSE
	EndGlobalSection
	GlobalSection(ExtensibilityGlobals) = postSolution
		SolutionGuid = {4609FE09-E2CD-46C6-8BA2-A61D9F374793}
	EndGlobalSection
EndGlobal
