
Microsoft Visual Studio Solution File, Format Version 12.00
# Visual Studio Version 16
VisualStudioVersion = 16.0.30711.63
MinimumVisualStudioVersion = 10.0.40219.1
Project("{FAE04EC0-301F-11D3-BF4B-00C04F79EFBC}") = "Les - Tafels van Vermenigvuldiging", "Les - Tafels van Vermenigvuldiging\Les - Tafels van Vermenigvuldiging.csproj", "{AF95E377-1FC0-4296-B8DB-9A3DC9CEB814}"
EndProject
Global
	GlobalSection(SolutionConfigurationPlatforms) = preSolution
		Debug|Any CPU = Debug|Any CPU
		Release|Any CPU = Release|Any CPU
	EndGlobalSection
	GlobalSection(ProjectConfigurationPlatforms) = postSolution
		{AF95E377-1FC0-4296-B8DB-9A3DC9CEB814}.Debug|Any CPU.ActiveCfg = Debug|Any CPU
		{AF95E377-1FC0-4296-B8DB-9A3DC9CEB814}.Debug|Any CPU.Build.0 = Debug|Any CPU
		{AF95E377-1FC0-4296-B8DB-9A3DC9CEB814}.Release|Any CPU.ActiveCfg = Release|Any CPU
		{AF95E377-1FC0-4296-B8DB-9A3DC9CEB814}.Release|Any CPU.Build.0 = Release|Any CPU
	EndGlobalSection
	GlobalSection(SolutionProperties) = preSolution
		HideSolutionNode = FALSE
	EndGlobalSection
	GlobalSection(ExtensibilityGlobals) = postSolution
		SolutionGuid = {B966C96D-BD08-478C-B54F-B5414F913CAC}
	EndGlobalSection
EndGlobal
