
Microsoft Visual Studio Solution File, Format Version 12.00
# Visual Studio Version 16
VisualStudioVersion = 16.0.30330.147
MinimumVisualStudioVersion = 10.0.40219.1
Project("{FAE04EC0-301F-11D3-BF4B-00C04F79EFBC}") = "Vraag 2", "Vraag 2\Vraag 2.csproj", "{178E29C6-F288-4380-B529-D0D8C467CBF6}"
EndProject
Global
	GlobalSection(SolutionConfigurationPlatforms) = preSolution
		Debug|Any CPU = Debug|Any CPU
		Release|Any CPU = Release|Any CPU
	EndGlobalSection
	GlobalSection(ProjectConfigurationPlatforms) = postSolution
		{178E29C6-F288-4380-B529-D0D8C467CBF6}.Debug|Any CPU.ActiveCfg = Debug|Any CPU
		{178E29C6-F288-4380-B529-D0D8C467CBF6}.Debug|Any CPU.Build.0 = Debug|Any CPU
		{178E29C6-F288-4380-B529-D0D8C467CBF6}.Release|Any CPU.ActiveCfg = Release|Any CPU
		{178E29C6-F288-4380-B529-D0D8C467CBF6}.Release|Any CPU.Build.0 = Release|Any CPU
	EndGlobalSection
	GlobalSection(SolutionProperties) = preSolution
		HideSolutionNode = FALSE
	EndGlobalSection
	GlobalSection(ExtensibilityGlobals) = postSolution
		SolutionGuid = {7A9DAEA9-0269-45DF-AEB7-E82DB3660862}
	EndGlobalSection
EndGlobal
