
Microsoft Visual Studio Solution File, Format Version 12.00
# Visual Studio Version 16
VisualStudioVersion = 16.0.30330.147
MinimumVisualStudioVersion = 10.0.40219.1
Project("{FAE04EC0-301F-11D3-BF4B-00C04F79EFBC}") = "Les - Toon Gekozen Afbeelding", "Les - Toon Gekozen Afbeelding\Les - Toon Gekozen Afbeelding.csproj", "{FD1B2200-7CE8-470A-8B06-3C7267DDABF9}"
EndProject
Global
	GlobalSection(SolutionConfigurationPlatforms) = preSolution
		Debug|Any CPU = Debug|Any CPU
		Release|Any CPU = Release|Any CPU
	EndGlobalSection
	GlobalSection(ProjectConfigurationPlatforms) = postSolution
		{FD1B2200-7CE8-470A-8B06-3C7267DDABF9}.Debug|Any CPU.ActiveCfg = Debug|Any CPU
		{FD1B2200-7CE8-470A-8B06-3C7267DDABF9}.Debug|Any CPU.Build.0 = Debug|Any CPU
		{FD1B2200-7CE8-470A-8B06-3C7267DDABF9}.Release|Any CPU.ActiveCfg = Release|Any CPU
		{FD1B2200-7CE8-470A-8B06-3C7267DDABF9}.Release|Any CPU.Build.0 = Release|Any CPU
	EndGlobalSection
	GlobalSection(SolutionProperties) = preSolution
		HideSolutionNode = FALSE
	EndGlobalSection
	GlobalSection(ExtensibilityGlobals) = postSolution
		SolutionGuid = {E40AF2B3-8CFD-44B7-B6B2-EE8088E27F1C}
	EndGlobalSection
EndGlobal
